
Microsoft Visual Studio Solution File, Format Version 12.00
# Visual Studio Version 17
VisualStudioVersion = 17.8.34309.116
MinimumVisualStudioVersion = 10.0.40219.1
Project("{FAE04EC0-301F-11D3-BF4B-00C04F79EFBC}") = "State", "State\State.csproj", "{0C4F503D-8038-4A5A-8753-ED0C4BB713A2}"
EndProject
Global
	GlobalSection(SolutionConfigurationPlatforms) = preSolution
		Debug|Any CPU = Debug|Any CPU
		Release|Any CPU = Release|Any CPU
	EndGlobalSection
	GlobalSection(ProjectConfigurationPlatforms) = postSolution
		{0C4F503D-8038-4A5A-8753-ED0C4BB713A2}.Debug|Any CPU.ActiveCfg = Debug|Any CPU
		{0C4F503D-8038-4A5A-8753-ED0C4BB713A2}.Debug|Any CPU.Build.0 = Debug|Any CPU
		{0C4F503D-8038-4A5A-8753-ED0C4BB713A2}.Release|Any CPU.ActiveCfg = Release|Any CPU
		{0C4F503D-8038-4A5A-8753-ED0C4BB713A2}.Release|Any CPU.Build.0 = Release|Any CPU
	EndGlobalSection
	GlobalSection(SolutionProperties) = preSolution
		HideSolutionNode = FALSE
	EndGlobalSection
	GlobalSection(ExtensibilityGlobals) = postSolution
		SolutionGuid = {476073E0-6245-498A-9BE2-EFCE6B6BAC79}
	EndGlobalSection
EndGlobal
